
Microsoft Visual Studio Solution File, Format Version 12.00
# Visual Studio Version 17
VisualStudioVersion = 17.11.35327.3
MinimumVisualStudioVersion = 10.0.40219.1
Project("{9A19103F-16F7-4668-BE54-9A1E7A4F7556}") = "Geometrie.BLL", "Geometrie.BLL\Geometrie.BLL.csproj", "{C63183AC-C3C4-4622-841E-ABF5ECEC6CAE}"
EndProject
Project("{9A19103F-16F7-4668-BE54-9A1E7A4F7556}") = "rappel_syntaxe", "rappel_syntaxe\rappel_syntaxe.csproj", "{850D547B-31BA-4D03-B36C-EB9BBBFABC2D}"
EndProject
Project("{2150E333-8FDC-42A3-9474-1A3956D46DE8}") = "Rappel theorique", "Rappel theorique", "{9E3544F5-FC6A-4377-B480-386A1CA03BC5}"
EndProject
Project("{9A19103F-16F7-4668-BE54-9A1E7A4F7556}") = "Geometrie.Console", "Geometrie.Console\Geometrie.Console.csproj", "{B0D02B8A-1926-4E99-A261-36B90A75F205}"
EndProject
Project("{FAE04EC0-301F-11D3-BF4B-00C04F79EFBC}") = "Gen&Delegue", "Gen&Delegue\Gen&Delegue.csproj", "{76380D84-B872-45A7-A485-715DC376B1EE}"
EndProject
Global
	GlobalSection(SolutionConfigurationPlatforms) = preSolution
		Debug|Any CPU = Debug|Any CPU
		Release|Any CPU = Release|Any CPU
	EndGlobalSection
	GlobalSection(ProjectConfigurationPlatforms) = postSolution
		{C63183AC-C3C4-4622-841E-ABF5ECEC6CAE}.Debug|Any CPU.ActiveCfg = Debug|Any CPU
		{C63183AC-C3C4-4622-841E-ABF5ECEC6CAE}.Debug|Any CPU.Build.0 = Debug|Any CPU
		{C63183AC-C3C4-4622-841E-ABF5ECEC6CAE}.Release|Any CPU.ActiveCfg = Release|Any CPU
		{C63183AC-C3C4-4622-841E-ABF5ECEC6CAE}.Release|Any CPU.Build.0 = Release|Any CPU
		{850D547B-31BA-4D03-B36C-EB9BBBFABC2D}.Debug|Any CPU.ActiveCfg = Debug|Any CPU
		{850D547B-31BA-4D03-B36C-EB9BBBFABC2D}.Debug|Any CPU.Build.0 = Debug|Any CPU
		{850D547B-31BA-4D03-B36C-EB9BBBFABC2D}.Release|Any CPU.ActiveCfg = Release|Any CPU
		{850D547B-31BA-4D03-B36C-EB9BBBFABC2D}.Release|Any CPU.Build.0 = Release|Any CPU
		{B0D02B8A-1926-4E99-A261-36B90A75F205}.Debug|Any CPU.ActiveCfg = Debug|Any CPU
		{B0D02B8A-1926-4E99-A261-36B90A75F205}.Debug|Any CPU.Build.0 = Debug|Any CPU
		{B0D02B8A-1926-4E99-A261-36B90A75F205}.Release|Any CPU.ActiveCfg = Release|Any CPU
		{B0D02B8A-1926-4E99-A261-36B90A75F205}.Release|Any CPU.Build.0 = Release|Any CPU
		{76380D84-B872-45A7-A485-715DC376B1EE}.Debug|Any CPU.ActiveCfg = Debug|Any CPU
		{76380D84-B872-45A7-A485-715DC376B1EE}.Debug|Any CPU.Build.0 = Debug|Any CPU
		{76380D84-B872-45A7-A485-715DC376B1EE}.Release|Any CPU.ActiveCfg = Release|Any CPU
		{76380D84-B872-45A7-A485-715DC376B1EE}.Release|Any CPU.Build.0 = Release|Any CPU
	EndGlobalSection
	GlobalSection(SolutionProperties) = preSolution
		HideSolutionNode = FALSE
	EndGlobalSection
	GlobalSection(NestedProjects) = preSolution
		{C63183AC-C3C4-4622-841E-ABF5ECEC6CAE} = {9E3544F5-FC6A-4377-B480-386A1CA03BC5}
		{76380D84-B872-45A7-A485-715DC376B1EE} = {9E3544F5-FC6A-4377-B480-386A1CA03BC5}
	EndGlobalSection
	GlobalSection(ExtensibilityGlobals) = postSolution
		SolutionGuid = {24A662E8-AB36-4671-ABEA-C5AD306274A7}
	EndGlobalSection
EndGlobal
